
Microsoft Visual Studio Solution File, Format Version 12.00
# Visual Studio Version 16
VisualStudioVersion = 25.0.1703.0
MinimumVisualStudioVersion = 10.0.40219.1
Project("{FAE04EC0-301F-11D3-BF4B-00C04F79EFBC}") = "st-dotnet", "st-dotnet\st-dotnet.csproj", "{9CF1EC79-B77F-4BF2-B4D4-023E40614205}"
EndProject
Project("{E53339B2-1760-4266-BCC7-CA923CBCF16C}") = "docker-compose", "docker-compose.dcproj", "{87AFB6E2-56B9-4A6D-9E31-1F731888FD42}"
EndProject
Global
	GlobalSection(SolutionConfigurationPlatforms) = preSolution
		Debug|Any CPU = Debug|Any CPU
		Release|Any CPU = Release|Any CPU
	EndGlobalSection
	GlobalSection(ProjectConfigurationPlatforms) = postSolution
		{9CF1EC79-B77F-4BF2-B4D4-023E40614205}.Debug|Any CPU.ActiveCfg = Debug|Any CPU
		{9CF1EC79-B77F-4BF2-B4D4-023E40614205}.Debug|Any CPU.Build.0 = Debug|Any CPU
		{9CF1EC79-B77F-4BF2-B4D4-023E40614205}.Release|Any CPU.ActiveCfg = Release|Any CPU
		{9CF1EC79-B77F-4BF2-B4D4-023E40614205}.Release|Any CPU.Build.0 = Release|Any CPU
		{87AFB6E2-56B9-4A6D-9E31-1F731888FD42}.Debug|Any CPU.ActiveCfg = Debug|Any CPU
		{87AFB6E2-56B9-4A6D-9E31-1F731888FD42}.Debug|Any CPU.Build.0 = Debug|Any CPU
		{87AFB6E2-56B9-4A6D-9E31-1F731888FD42}.Release|Any CPU.ActiveCfg = Release|Any CPU
		{87AFB6E2-56B9-4A6D-9E31-1F731888FD42}.Release|Any CPU.Build.0 = Release|Any CPU
	EndGlobalSection
	GlobalSection(SolutionProperties) = preSolution
		HideSolutionNode = FALSE
	EndGlobalSection
	GlobalSection(ExtensibilityGlobals) = postSolution
		SolutionGuid = {2E1695D0-E590-49B3-8280-C4EEFC268E4B}
	EndGlobalSection
EndGlobal
